// !$*UTF8*$!
{
	archiveVersion = 1;
	classes = {
	};
	objectVersion = 56;
	objects = {

/* Begin PBXBuildFile section */
		7C1FF9A42BE4C43F001AF5A8 /* FruitDetailView.swift in Sources */ = {isa = PBXBuildFile; fileRef = 7C1FF9A32BE4C43F001AF5A8 /* FruitDetailView.swift */; };
		7C568B092BD9582800B5D6DF /* FructusApp.swift in Sources */ = {isa = PBXBuildFile; fileRef = 7C568B082BD9582800B5D6DF /* FructusApp.swift */; };
		7C568B0B2BD9582800B5D6DF /* ContentView.swift in Sources */ = {isa = PBXBuildFile; fileRef = 7C568B0A2BD9582800B5D6DF /* ContentView.swift */; };
		7C568B0D2BD9582F00B5D6DF /* Assets.xcassets in Resources */ = {isa = PBXBuildFile; fileRef = 7C568B0C2BD9582F00B5D6DF /* Assets.xcassets */; };
		7C568B102BD9582F00B5D6DF /* Preview Assets.xcassets in Resources */ = {isa = PBXBuildFile; fileRef = 7C568B0F2BD9582F00B5D6DF /* Preview Assets.xcassets */; };
		7C7E385F2BE00EA100928B7C /* FruitCardView.swift in Sources */ = {isa = PBXBuildFile; fileRef = 7C7E385E2BE00EA100928B7C /* FruitCardView.swift */; };
		7C7E38612BE011E800928B7C /* StartButtonView.swift in Sources */ = {isa = PBXBuildFile; fileRef = 7C7E38602BE011E800928B7C /* StartButtonView.swift */; };
		7C7E38632BE0142400928B7C /* OnboardingView.swift in Sources */ = {isa = PBXBuildFile; fileRef = 7C7E38622BE0142400928B7C /* OnboardingView.swift */; };
		7C7E38662BE039F100928B7C /* FruitModel.swift in Sources */ = {isa = PBXBuildFile; fileRef = 7C7E38652BE039F100928B7C /* FruitModel.swift */; };
		7C7E38692BE03A8800928B7C /* FruitData.swift in Sources */ = {isa = PBXBuildFile; fileRef = 7C7E38682BE03A8800928B7C /* FruitData.swift */; };
		7C7E386B2BE0404D00928B7C /* FruitRowView.swift in Sources */ = {isa = PBXBuildFile; fileRef = 7C7E386A2BE0404D00928B7C /* FruitRowView.swift */; };
		7C9B9D682BE4CB7F001F73E9 /* FruitHeaderView.swift in Sources */ = {isa = PBXBuildFile; fileRef = 7C9B9D672BE4CB7F001F73E9 /* FruitHeaderView.swift */; };
		7C9B9D6A2BE4D03D001F73E9 /* SourceLinkView.swift in Sources */ = {isa = PBXBuildFile; fileRef = 7C9B9D692BE4D03D001F73E9 /* SourceLinkView.swift */; };
		7C9B9D6C2BE4D19E001F73E9 /* FruitNutrientsView.swift in Sources */ = {isa = PBXBuildFile; fileRef = 7C9B9D6B2BE4D19E001F73E9 /* FruitNutrientsView.swift */; };
		7C9B9D6E2BE4EB99001F73E9 /* SettingsView.swift in Sources */ = {isa = PBXBuildFile; fileRef = 7C9B9D6D2BE4EB99001F73E9 /* SettingsView.swift */; };
		7C9B9D722BE4EF8E001F73E9 /* SettingsLabelView.swift in Sources */ = {isa = PBXBuildFile; fileRef = 7C9B9D712BE4EF8E001F73E9 /* SettingsLabelView.swift */; };
		7C9B9D742BE4F253001F73E9 /* SettingsRowView.swift in Sources */ = {isa = PBXBuildFile; fileRef = 7C9B9D732BE4F253001F73E9 /* SettingsRowView.swift */; };
/* End PBXBuildFile section */

/* Begin PBXFileReference section */
		7C1FF9A32BE4C43F001AF5A8 /* FruitDetailView.swift */ = {isa = PBXFileReference; lastKnownFileType = sourcecode.swift; path = FruitDetailView.swift; sourceTree = "<group>"; };
		7C568B052BD9582800B5D6DF /* Fructus.app */ = {isa = PBXFileReference; explicitFileType = wrapper.application; includeInIndex = 0; path = Fructus.app; sourceTree = BUILT_PRODUCTS_DIR; };
		7C568B082BD9582800B5D6DF /* FructusApp.swift */ = {isa = PBXFileReference; lastKnownFileType = sourcecode.swift; path = FructusApp.swift; sourceTree = "<group>"; };
		7C568B0A2BD9582800B5D6DF /* ContentView.swift */ = {isa = PBXFileReference; lastKnownFileType = sourcecode.swift; path = ContentView.swift; sourceTree = "<group>"; };
		7C568B0C2BD9582F00B5D6DF /* Assets.xcassets */ = {isa = PBXFileReference; lastKnownFileType = folder.assetcatalog; path = Assets.xcassets; sourceTree = "<group>"; };
		7C568B0F2BD9582F00B5D6DF /* Preview Assets.xcassets */ = {isa = PBXFileReference; lastKnownFileType = folder.assetcatalog; path = "Preview Assets.xcassets"; sourceTree = "<group>"; };
		7C7E385E2BE00EA100928B7C /* FruitCardView.swift */ = {isa = PBXFileReference; lastKnownFileType = sourcecode.swift; path = FruitCardView.swift; sourceTree = "<group>"; };
		7C7E38602BE011E800928B7C /* StartButtonView.swift */ = {isa = PBXFileReference; lastKnownFileType = sourcecode.swift; path = StartButtonView.swift; sourceTree = "<group>"; };
		7C7E38622BE0142400928B7C /* OnboardingView.swift */ = {isa = PBXFileReference; lastKnownFileType = sourcecode.swift; path = OnboardingView.swift; sourceTree = "<group>"; };
		7C7E38652BE039F100928B7C /* FruitModel.swift */ = {isa = PBXFileReference; lastKnownFileType = sourcecode.swift; path = FruitModel.swift; sourceTree = "<group>"; };
		7C7E38682BE03A8800928B7C /* FruitData.swift */ = {isa = PBXFileReference; lastKnownFileType = sourcecode.swift; path = FruitData.swift; sourceTree = "<group>"; };
		7C7E386A2BE0404D00928B7C /* FruitRowView.swift */ = {isa = PBXFileReference; lastKnownFileType = sourcecode.swift; path = FruitRowView.swift; sourceTree = "<group>"; };
		7C9B9D672BE4CB7F001F73E9 /* FruitHeaderView.swift */ = {isa = PBXFileReference; lastKnownFileType = sourcecode.swift; path = FruitHeaderView.swift; sourceTree = "<group>"; };
		7C9B9D692BE4D03D001F73E9 /* SourceLinkView.swift */ = {isa = PBXFileReference; lastKnownFileType = sourcecode.swift; path = SourceLinkView.swift; sourceTree = "<group>"; };
		7C9B9D6B2BE4D19E001F73E9 /* FruitNutrientsView.swift */ = {isa = PBXFileReference; lastKnownFileType = sourcecode.swift; path = FruitNutrientsView.swift; sourceTree = "<group>"; };
		7C9B9D6D2BE4EB99001F73E9 /* SettingsView.swift */ = {isa = PBXFileReference; lastKnownFileType = sourcecode.swift; path = SettingsView.swift; sourceTree = "<group>"; };
		7C9B9D712BE4EF8E001F73E9 /* SettingsLabelView.swift */ = {isa = PBXFileReference; lastKnownFileType = sourcecode.swift; path = SettingsLabelView.swift; sourceTree = "<group>"; };
		7C9B9D732BE4F253001F73E9 /* SettingsRowView.swift */ = {isa = PBXFileReference; lastKnownFileType = sourcecode.swift; path = SettingsRowView.swift; sourceTree = "<group>"; };
/* End PBXFileReference section */

/* Begin PBXFrameworksBuildPhase section */
		7C568B022BD9582800B5D6DF /* Frameworks */ = {
			isa = PBXFrameworksBuildPhase;
			buildActionMask = 2147483647;
			files = (
			);
			runOnlyForDeploymentPostprocessing = 0;
		};
/* End PBXFrameworksBuildPhase section */

/* Begin PBXGroup section */
		7C568AFC2BD9582800B5D6DF = {
			isa = PBXGroup;
			children = (
				7C568B072BD9582800B5D6DF /* Fructus */,
				7C568B062BD9582800B5D6DF /* Products */,
			);
			sourceTree = "<group>";
		};
		7C568B062BD9582800B5D6DF /* Products */ = {
			isa = PBXGroup;
			children = (
				7C568B052BD9582800B5D6DF /* Fructus.app */,
			);
			name = Products;
			sourceTree = "<group>";
		};
		7C568B072BD9582800B5D6DF /* Fructus */ = {
			isa = PBXGroup;
			children = (
				7C7E38672BE03A7200928B7C /* Data */,
				7C7E38642BE039D800928B7C /* Model */,
				7C7E385D2BE00E7E00928B7C /* View */,
				7C7E385C2BE00E6F00928B7C /* App */,
				7C568B0C2BD9582F00B5D6DF /* Assets.xcassets */,
				7C568B0E2BD9582F00B5D6DF /* Preview Content */,
			);
			path = Fructus;
			sourceTree = "<group>";
		};
		7C568B0E2BD9582F00B5D6DF /* Preview Content */ = {
			isa = PBXGroup;
			children = (
				7C568B0F2BD9582F00B5D6DF /* Preview Assets.xcassets */,
			);
			path = "Preview Content";
			sourceTree = "<group>";
		};
		7C7E385C2BE00E6F00928B7C /* App */ = {
			isa = PBXGroup;
			children = (
				7C568B082BD9582800B5D6DF /* FructusApp.swift */,
				7C568B0A2BD9582800B5D6DF /* ContentView.swift */,
				7C7E38622BE0142400928B7C /* OnboardingView.swift */,
				7C1FF9A32BE4C43F001AF5A8 /* FruitDetailView.swift */,
				7C9B9D6D2BE4EB99001F73E9 /* SettingsView.swift */,
			);
			path = App;
			sourceTree = "<group>";
		};
		7C7E385D2BE00E7E00928B7C /* View */ = {
			isa = PBXGroup;
			children = (
				7C7E385E2BE00EA100928B7C /* FruitCardView.swift */,
				7C7E38602BE011E800928B7C /* StartButtonView.swift */,
				7C7E386A2BE0404D00928B7C /* FruitRowView.swift */,
				7C9B9D672BE4CB7F001F73E9 /* FruitHeaderView.swift */,
				7C9B9D692BE4D03D001F73E9 /* SourceLinkView.swift */,
				7C9B9D6B2BE4D19E001F73E9 /* FruitNutrientsView.swift */,
				7C9B9D712BE4EF8E001F73E9 /* SettingsLabelView.swift */,
				7C9B9D732BE4F253001F73E9 /* SettingsRowView.swift */,
			);
			path = View;
			sourceTree = "<group>";
		};
		7C7E38642BE039D800928B7C /* Model */ = {
			isa = PBXGroup;
			children = (
				7C7E38652BE039F100928B7C /* FruitModel.swift */,
			);
			path = Model;
			sourceTree = "<group>";
		};
		7C7E38672BE03A7200928B7C /* Data */ = {
			isa = PBXGroup;
			children = (
				7C7E38682BE03A8800928B7C /* FruitData.swift */,
			);
			path = Data;
			sourceTree = "<group>";
		};
/* End PBXGroup section */

/* Begin PBXNativeTarget section */
		7C568B042BD9582800B5D6DF /* Fructus */ = {
			isa = PBXNativeTarget;
			buildConfigurationList = 7C568B132BD9582F00B5D6DF /* Build configuration list for PBXNativeTarget "Fructus" */;
			buildPhases = (
				7C568B012BD9582800B5D6DF /* Sources */,
				7C568B022BD9582800B5D6DF /* Frameworks */,
				7C568B032BD9582800B5D6DF /* Resources */,
			);
			buildRules = (
			);
			dependencies = (
			);
			name = Fructus;
			productName = Fructus;
			productReference = 7C568B052BD9582800B5D6DF /* Fructus.app */;
			productType = "com.apple.product-type.application";
		};
/* End PBXNativeTarget section */

/* Begin PBXProject section */
		7C568AFD2BD9582800B5D6DF /* Project object */ = {
			isa = PBXProject;
			attributes = {
				BuildIndependentTargetsInParallel = 1;
				LastSwiftUpdateCheck = 1530;
				LastUpgradeCheck = 1530;
				TargetAttributes = {
					7C568B042BD9582800B5D6DF = {
						CreatedOnToolsVersion = 15.3;
					};
				};
			};
			buildConfigurationList = 7C568B002BD9582800B5D6DF /* Build configuration list for PBXProject "Fructus" */;
			compatibilityVersion = "Xcode 14.0";
			developmentRegion = en;
			hasScannedForEncodings = 0;
			knownRegions = (
				en,
				Base,
			);
			mainGroup = 7C568AFC2BD9582800B5D6DF;
			productRefGroup = 7C568B062BD9582800B5D6DF /* Products */;
			projectDirPath = "";
			projectRoot = "";
			targets = (
				7C568B042BD9582800B5D6DF /* Fructus */,
			);
		};
/* End PBXProject section */

/* Begin PBXResourcesBuildPhase section */
		7C568B032BD9582800B5D6DF /* Resources */ = {
			isa = PBXResourcesBuildPhase;
			buildActionMask = 2147483647;
			files = (
				7C568B102BD9582F00B5D6DF /* Preview Assets.xcassets in Resources */,
				7C568B0D2BD9582F00B5D6DF /* Assets.xcassets in Resources */,
			);
			runOnlyForDeploymentPostprocessing = 0;
		};
/* End PBXResourcesBuildPhase section */

/* Begin PBXSourcesBuildPhase section */
		7C568B012BD9582800B5D6DF /* Sources */ = {
			isa = PBXSourcesBuildPhase;
			buildActionMask = 2147483647;
			files = (
				7C7E38692BE03A8800928B7C /* FruitData.swift in Sources */,
				7C9B9D6A2BE4D03D001F73E9 /* SourceLinkView.swift in Sources */,
				7C9B9D742BE4F253001F73E9 /* SettingsRowView.swift in Sources */,
				7C7E385F2BE00EA100928B7C /* FruitCardView.swift in Sources */,
				7C7E386B2BE0404D00928B7C /* FruitRowView.swift in Sources */,
				7C9B9D6C2BE4D19E001F73E9 /* FruitNutrientsView.swift in Sources */,
				7C7E38612BE011E800928B7C /* StartButtonView.swift in Sources */,
				7C1FF9A42BE4C43F001AF5A8 /* FruitDetailView.swift in Sources */,
				7C568B0B2BD9582800B5D6DF /* ContentView.swift in Sources */,
				7C9B9D682BE4CB7F001F73E9 /* FruitHeaderView.swift in Sources */,
				7C7E38632BE0142400928B7C /* OnboardingView.swift in Sources */,
				7C9B9D722BE4EF8E001F73E9 /* SettingsLabelView.swift in Sources */,
				7C7E38662BE039F100928B7C /* FruitModel.swift in Sources */,
				7C568B092BD9582800B5D6DF /* FructusApp.swift in Sources */,
				7C9B9D6E2BE4EB99001F73E9 /* SettingsView.swift in Sources */,
			);
			runOnlyForDeploymentPostprocessing = 0;
		};
/* End PBXSourcesBuildPhase section */

/* Begin XCBuildConfiguration section */
		7C568B112BD9582F00B5D6DF /* Debug */ = {
			isa = XCBuildConfiguration;
			buildSettings = {
				ALWAYS_SEARCH_USER_PATHS = NO;
				ASSETCATALOG_COMPILER_GENERATE_SWIFT_ASSET_SYMBOL_EXTENSIONS = YES;
				CLANG_ANALYZER_NONNULL = YES;
				CLANG_ANALYZER_NUMBER_OBJECT_CONVERSION = YES_AGGRESSIVE;
				CLANG_CXX_LANGUAGE_STANDARD = "gnu++20";
				CLANG_ENABLE_MODULES = YES;
				CLANG_ENABLE_OBJC_ARC = YES;
				CLANG_ENABLE_OBJC_WEAK = YES;
				CLANG_WARN_BLOCK_CAPTURE_AUTORELEASING = YES;
				CLANG_WARN_BOOL_CONVERSION = YES;
				CLANG_WARN_COMMA = YES;
				CLANG_WARN_CONSTANT_CONVERSION = YES;
				CLANG_WARN_DEPRECATED_OBJC_IMPLEMENTATIONS = YES;
				CLANG_WARN_DIRECT_OBJC_ISA_USAGE = YES_ERROR;
				CLANG_WARN_DOCUMENTATION_COMMENTS = YES;
				CLANG_WARN_EMPTY_BODY = YES;
				CLANG_WARN_ENUM_CONVERSION = YES;
				CLANG_WARN_INFINITE_RECURSION = YES;
				CLANG_WARN_INT_CONVERSION = YES;
				CLANG_WARN_NON_LITERAL_NULL_CONVERSION = YES;
				CLANG_WARN_OBJC_IMPLICIT_RETAIN_SELF = YES;
				CLANG_WARN_OBJC_LITERAL_CONVERSION = YES;
				CLANG_WARN_OBJC_ROOT_CLASS = YES_ERROR;
				CLANG_WARN_QUOTED_INCLUDE_IN_FRAMEWORK_HEADER = YES;
				CLANG_WARN_RANGE_LOOP_ANALYSIS = YES;
				CLANG_WARN_STRICT_PROTOTYPES = YES;
				CLANG_WARN_SUSPICIOUS_MOVE = YES;
				CLANG_WARN_UNGUARDED_AVAILABILITY = YES_AGGRESSIVE;
				CLANG_WARN_UNREACHABLE_CODE = YES;
				CLANG_WARN__DUPLICATE_METHOD_MATCH = YES;
				COPY_PHASE_STRIP = NO;
				DEBUG_INFORMATION_FORMAT = dwarf;
				ENABLE_STRICT_OBJC_MSGSEND = YES;
				ENABLE_TESTABILITY = YES;
				ENABLE_USER_SCRIPT_SANDBOXING = YES;
				GCC_C_LANGUAGE_STANDARD = gnu17;
				GCC_DYNAMIC_NO_PIC = NO;
				GCC_NO_COMMON_BLOCKS = YES;
				GCC_OPTIMIZATION_LEVEL = 0;
				GCC_PREPROCESSOR_DEFINITIONS = (
					"DEBUG=1",
					"$(inherited)",
				);
				GCC_WARN_64_TO_32_BIT_CONVERSION = YES;
				GCC_WARN_ABOUT_RETURN_TYPE = YES_ERROR;
				GCC_WARN_UNDECLARED_SELECTOR = YES;
				GCC_WARN_UNINITIALIZED_AUTOS = YES_AGGRESSIVE;
				GCC_WARN_UNUSED_FUNCTION = YES;
				GCC_WARN_UNUSED_VARIABLE = YES;
				IPHONEOS_DEPLOYMENT_TARGET = 17.4;
				LOCALIZATION_PREFERS_STRING_CATALOGS = YES;
				MTL_ENABLE_DEBUG_INFO = INCLUDE_SOURCE;
				MTL_FAST_MATH = YES;
				ONLY_ACTIVE_ARCH = YES;
				SDKROOT = iphoneos;
				SWIFT_ACTIVE_COMPILATION_CONDITIONS = "DEBUG $(inherited)";
				SWIFT_OPTIMIZATION_LEVEL = "-Onone";
			};
			name = Debug;
		};
		7C568B122BD9582F00B5D6DF /* Release */ = {
			isa = XCBuildConfiguration;
			buildSettings = {
				ALWAYS_SEARCH_USER_PATHS = NO;
				ASSETCATALOG_COMPILER_GENERATE_SWIFT_ASSET_SYMBOL_EXTENSIONS = YES;
				CLANG_ANALYZER_NONNULL = YES;
				CLANG_ANALYZER_NUMBER_OBJECT_CONVERSION = YES_AGGRESSIVE;
				CLANG_CXX_LANGUAGE_STANDARD = "gnu++20";
				CLANG_ENABLE_MODULES = YES;
				CLANG_ENABLE_OBJC_ARC = YES;
				CLANG_ENABLE_OBJC_WEAK = YES;
				CLANG_WARN_BLOCK_CAPTURE_AUTORELEASING = YES;
				CLANG_WARN_BOOL_CONVERSION = YES;
				CLANG_WARN_COMMA = YES;
				CLANG_WARN_CONSTANT_CONVERSION = YES;
				CLANG_WARN_DEPRECATED_OBJC_IMPLEMENTATIONS = YES;
				CLANG_WARN_DIRECT_OBJC_ISA_USAGE = YES_ERROR;
				CLANG_WARN_DOCUMENTATION_COMMENTS = YES;
				CLANG_WARN_EMPTY_BODY = YES;
				CLANG_WARN_ENUM_CONVERSION = YES;
				CLANG_WARN_INFINITE_RECURSION = YES;
				CLANG_WARN_INT_CONVERSION = YES;
				CLANG_WARN_NON_LITERAL_NULL_CONVERSION = YES;
				CLANG_WARN_OBJC_IMPLICIT_RETAIN_SELF = YES;
				CLANG_WARN_OBJC_LITERAL_CONVERSION = YES;
				CLANG_WARN_OBJC_ROOT_CLASS = YES_ERROR;
				CLANG_WARN_QUOTED_INCLUDE_IN_FRAMEWORK_HEADER = YES;
				CLANG_WARN_RANGE_LOOP_ANALYSIS = YES;
				CLANG_WARN_STRICT_PROTOTYPES = YES;
				CLANG_WARN_SUSPICIOUS_MOVE = YES;
				CLANG_WARN_UNGUARDED_AVAILABILITY = YES_AGGRESSIVE;
				CLANG_WARN_UNREACHABLE_CODE = YES;
				CLANG_WARN__DUPLICATE_METHOD_MATCH = YES;
				COPY_PHASE_STRIP = NO;
				DEBUG_INFORMATION_FORMAT = "dwarf-with-dsym";
				ENABLE_NS_ASSERTIONS = NO;
				ENABLE_STRICT_OBJC_MSGSEND = YES;
				ENABLE_USER_SCRIPT_SANDBOXING = YES;
				GCC_C_LANGUAGE_STANDARD = gnu17;
				GCC_NO_COMMON_BLOCKS = YES;
				GCC_WARN_64_TO_32_BIT_CONVERSION = YES;
				GCC_WARN_ABOUT_RETURN_TYPE = YES_ERROR;
				GCC_WARN_UNDECLARED_SELECTOR = YES;
				GCC_WARN_UNINITIALIZED_AUTOS = YES_AGGRESSIVE;
				GCC_WARN_UNUSED_FUNCTION = YES;
				GCC_WARN_UNUSED_VARIABLE = YES;
				IPHONEOS_DEPLOYMENT_TARGET = 17.4;
				LOCALIZATION_PREFERS_STRING_CATALOGS = YES;
				MTL_ENABLE_DEBUG_INFO = NO;
				MTL_FAST_MATH = YES;
				SDKROOT = iphoneos;
				SWIFT_COMPILATION_MODE = wholemodule;
				VALIDATE_PRODUCT = YES;
			};
			name = Release;
		};
		7C568B142BD9582F00B5D6DF /* Debug */ = {
			isa = XCBuildConfiguration;
			buildSettings = {
				ASSETCATALOG_COMPILER_APPICON_NAME = AppIcon;
				ASSETCATALOG_COMPILER_GLOBAL_ACCENT_COLOR_NAME = AccentColor;
				CODE_SIGN_STYLE = Automatic;
				CURRENT_PROJECT_VERSION = 1;
				DEVELOPMENT_ASSET_PATHS = "\"Fructus/Preview Content\"";
				ENABLE_PREVIEWS = YES;
				GENERATE_INFOPLIST_FILE = YES;
				INFOPLIST_KEY_UIApplicationSceneManifest_Generation = YES;
				INFOPLIST_KEY_UIApplicationSupportsIndirectInputEvents = YES;
				INFOPLIST_KEY_UILaunchScreen_Generation = YES;
				INFOPLIST_KEY_UISupportedInterfaceOrientations_iPad = "UIInterfaceOrientationPortrait UIInterfaceOrientationPortraitUpsideDown UIInterfaceOrientationLandscapeLeft UIInterfaceOrientationLandscapeRight";
				INFOPLIST_KEY_UISupportedInterfaceOrientations_iPhone = "UIInterfaceOrientationPortrait UIInterfaceOrientationLandscapeLeft UIInterfaceOrientationLandscapeRight";
				LD_RUNPATH_SEARCH_PATHS = (
					"$(inherited)",
					"@executable_path/Frameworks",
				);
				MARKETING_VERSION = 1.0;
				PRODUCT_BUNDLE_IDENTIFIER = audy.Fructus;
				PRODUCT_NAME = "$(TARGET_NAME)";
				SWIFT_EMIT_LOC_STRINGS = YES;
				SWIFT_VERSION = 5.0;
				TARGETED_DEVICE_FAMILY = "1,2";
			};
			name = Debug;
		};
		7C568B152BD9582F00B5D6DF /* Release */ = {
			isa = XCBuildConfiguration;
			buildSettings = {
				ASSETCATALOG_COMPILER_APPICON_NAME = AppIcon;
				ASSETCATALOG_COMPILER_GLOBAL_ACCENT_COLOR_NAME = AccentColor;
				CODE_SIGN_STYLE = Automatic;
				CURRENT_PROJECT_VERSION = 1;
				DEVELOPMENT_ASSET_PATHS = "\"Fructus/Preview Content\"";
				ENABLE_PREVIEWS = YES;
				GENERATE_INFOPLIST_FILE = YES;
				INFOPLIST_KEY_UIApplicationSceneManifest_Generation = YES;
				INFOPLIST_KEY_UIApplicationSupportsIndirectInputEvents = YES;
				INFOPLIST_KEY_UILaunchScreen_Generation = YES;
				INFOPLIST_KEY_UISupportedInterfaceOrientations_iPad = "UIInterfaceOrientationPortrait UIInterfaceOrientationPortraitUpsideDown UIInterfaceOrientationLandscapeLeft UIInterfaceOrientationLandscapeRight";
				INFOPLIST_KEY_UISupportedInterfaceOrientations_iPhone = "UIInterfaceOrientationPortrait UIInterfaceOrientationLandscapeLeft UIInterfaceOrientationLandscapeRight";
				LD_RUNPATH_SEARCH_PATHS = (
					"$(inherited)",
					"@executable_path/Frameworks",
				);
				MARKETING_VERSION = 1.0;
				PRODUCT_BUNDLE_IDENTIFIER = audy.Fructus;
				PRODUCT_NAME = "$(TARGET_NAME)";
				SWIFT_EMIT_LOC_STRINGS = YES;
				SWIFT_VERSION = 5.0;
				TARGETED_DEVICE_FAMILY = "1,2";
			};
			name = Release;
		};
/* End XCBuildConfiguration section */

/* Begin XCConfigurationList section */
		7C568B002BD9582800B5D6DF /* Build configuration list for PBXProject "Fructus" */ = {
			isa = XCConfigurationList;
			buildConfigurations = (
				7C568B112BD9582F00B5D6DF /* Debug */,
				7C568B122BD9582F00B5D6DF /* Release */,
			);
			defaultConfigurationIsVisible = 0;
			defaultConfigurationName = Release;
		};
		7C568B132BD9582F00B5D6DF /* Build configuration list for PBXNativeTarget "Fructus" */ = {
			isa = XCConfigurationList;
			buildConfigurations = (
				7C568B142BD9582F00B5D6DF /* Debug */,
				7C568B152BD9582F00B5D6DF /* Release */,
			);
			defaultConfigurationIsVisible = 0;
			defaultConfigurationName = Release;
		};
/* End XCConfigurationList section */
	};
	rootObject = 7C568AFD2BD9582800B5D6DF /* Project object */;
}
